{
    "_meta": {
        "hash": {
            "sha256": "61ac328b29f3e944da2add2c0269858aaad7d520a9850fca23a966bcccee9cd7"
        },
        "pipfile-spec": 6,
        "requires": {
            "python_version": "3.6"
        },
        "sources": [
            {
                "name": "pypi",
                "url": "https://pypi.org/simple",
                "verify_ssl": true
            }
        ]
    },
    "default": {
        "discord-py": {
            "git": "https://github.com/Rapptz/discord.py",
            "ref": "b79a53cae40c62f5e702f14c83e880ac5949f82c"
        },
        "pyenchant": {
            "hashes": [
                "sha256:b9526fc2c5f1ba0637e50200b645a7c20fb6644dbc6f6322027e7d2fbf1084a5",
                "sha256:e8000144e61551fcab9cd1b6fdccdded20e577e8d6d0985533f0b2b9c38fd952",
                "sha256:fc31cda72ace001da8fe5d42f11c26e514a91fa8c70468739216ddd8de64e2a0"
            ],
            "index": "pypi",
            "version": "==2.0.0"
        }
    },
    "develop": {}
}
