{
    "_meta": {
        "hash": {
            "sha256": "61ac328b29f3e944da2add2c0269858aaad7d520a9850fca23a966bcccee9cd7"
        },
        "pipfile-spec": 6,
        "requires": {
            "python_version": "3.6"
        },
        "sources": [
            {
                "name": "pypi",
                "url": "https://pypi.org/simple",
                "verify_ssl": true
            }
        ]
    },
    "default": {
        "discord-py": {
            "git": "https://github.com/Rapptz/discord.py",
            "ref": "b79a53cae40c62f5e702f14c83e880ac5949f82c"
        },
        "pyenchant": {
            "hashes": [
                "sha256:e8000144e61551fcab9cd1b6fdccdded20e577e8d6d0985533f0b2b9c38fd952"
            ],
            "index": "pypi",
            "version": "==2.0.0"
        }
    },
    "develop": {}
}
